
Microsoft Visual Studio Solution File, Format Version 12.00
# Visual Studio Version 17
VisualStudioVersion = 17.0.31903.59
MinimumVisualStudioVersion = 10.0.40219.1
Project("{FAE04EC0-301F-11D3-BF4B-00C04F79EFBC}") = "Discounts.Domain", "Discounts.Domain\Discounts.Domain.csproj", "{94491F11-4892-4728-9EAC-1E12A0F13C74}"
EndProject
Project("{FAE04EC0-301F-11D3-BF4B-00C04F79EFBC}") = "Discounts.Application", "Discounts.Application\Discounts.Application.csproj", "{0DF0D36E-12A6-4E21-81C5-8ECB17B298E7}"
EndProject
Project("{FAE04EC0-301F-11D3-BF4B-00C04F79EFBC}") = "Discounts.Persistance", "Discounts.Persistance\Discounts.Persistance.csproj", "{7E9D2778-3772-4BB9-A440-B19AFC8AFD85}"
EndProject
Project("{FAE04EC0-301F-11D3-BF4B-00C04F79EFBC}") = "Discounts.Mvc", "Discounts.Mvc\Discounts.Mvc.csproj", "{AF032E51-491F-45D3-BC8C-478F8FE12496}"
EndProject
Project("{FAE04EC0-301F-11D3-BF4B-00C04F79EFBC}") = "Discounts.Worker", "Discounts.Worker\Discounts.Worker.csproj", "{BB1CEF23-1E39-40AD-BA8E-C206947709AA}"
EndProject
Project("{FAE04EC0-301F-11D3-BF4B-00C04F79EFBC}") = "Discounts.UnitTests", "Discounts.UnitTests\Discounts.UnitTests.csproj", "{C702DE57-CAA5-48E6-A3F1-E3FC12D68ADD}"
EndProject
Project("{2150E333-8FDC-42A3-9474-1A3956D46DE8}") = "src", "src", "{8C57DA81-98CB-43B4-AF80-32A1A1DCB6B4}"
EndProject
Project("{2150E333-8FDC-42A3-9474-1A3956D46DE8}") = "core", "core", "{43D9EA5C-983D-4CD2-AF7C-C53A6760D605}"
EndProject
Project("{2150E333-8FDC-42A3-9474-1A3956D46DE8}") = "infrastructure", "infrastructure", "{B7FB6AF2-32A4-4534-AF05-A8DF690FAF7B}"
EndProject
Project("{2150E333-8FDC-42A3-9474-1A3956D46DE8}") = "presentation", "presentation", "{501C8273-3454-4779-A07F-D9C652D3E135}"
EndProject
Project("{2150E333-8FDC-42A3-9474-1A3956D46DE8}") = "Tests", "Tests", "{7AB0FDF0-8364-4F87-B004-F7F70B17F4AD}"
EndProject
Project("{2150E333-8FDC-42A3-9474-1A3956D46DE8}") = "Worker", "Worker", "{D472D699-7F07-4675-8D70-F55314CE7AF0}"
EndProject
Global
	GlobalSection(SolutionConfigurationPlatforms) = preSolution
		Debug|Any CPU = Debug|Any CPU
		Release|Any CPU = Release|Any CPU
	EndGlobalSection
	GlobalSection(SolutionProperties) = preSolution
		HideSolutionNode = FALSE
	EndGlobalSection
	GlobalSection(ProjectConfigurationPlatforms) = postSolution
		{94491F11-4892-4728-9EAC-1E12A0F13C74}.Debug|Any CPU.ActiveCfg = Debug|Any CPU
		{94491F11-4892-4728-9EAC-1E12A0F13C74}.Debug|Any CPU.Build.0 = Debug|Any CPU
		{94491F11-4892-4728-9EAC-1E12A0F13C74}.Release|Any CPU.ActiveCfg = Release|Any CPU
		{94491F11-4892-4728-9EAC-1E12A0F13C74}.Release|Any CPU.Build.0 = Release|Any CPU
		{0DF0D36E-12A6-4E21-81C5-8ECB17B298E7}.Debug|Any CPU.ActiveCfg = Debug|Any CPU
		{0DF0D36E-12A6-4E21-81C5-8ECB17B298E7}.Debug|Any CPU.Build.0 = Debug|Any CPU
		{0DF0D36E-12A6-4E21-81C5-8ECB17B298E7}.Release|Any CPU.ActiveCfg = Release|Any CPU
		{0DF0D36E-12A6-4E21-81C5-8ECB17B298E7}.Release|Any CPU.Build.0 = Release|Any CPU
		{7E9D2778-3772-4BB9-A440-B19AFC8AFD85}.Debug|Any CPU.ActiveCfg = Debug|Any CPU
		{7E9D2778-3772-4BB9-A440-B19AFC8AFD85}.Debug|Any CPU.Build.0 = Debug|Any CPU
		{7E9D2778-3772-4BB9-A440-B19AFC8AFD85}.Release|Any CPU.ActiveCfg = Release|Any CPU
		{7E9D2778-3772-4BB9-A440-B19AFC8AFD85}.Release|Any CPU.Build.0 = Release|Any CPU
		{AF032E51-491F-45D3-BC8C-478F8FE12496}.Debug|Any CPU.ActiveCfg = Debug|Any CPU
		{AF032E51-491F-45D3-BC8C-478F8FE12496}.Debug|Any CPU.Build.0 = Debug|Any CPU
		{AF032E51-491F-45D3-BC8C-478F8FE12496}.Release|Any CPU.ActiveCfg = Release|Any CPU
		{AF032E51-491F-45D3-BC8C-478F8FE12496}.Release|Any CPU.Build.0 = Release|Any CPU
		{BB1CEF23-1E39-40AD-BA8E-C206947709AA}.Debug|Any CPU.ActiveCfg = Debug|Any CPU
		{BB1CEF23-1E39-40AD-BA8E-C206947709AA}.Debug|Any CPU.Build.0 = Debug|Any CPU
		{BB1CEF23-1E39-40AD-BA8E-C206947709AA}.Release|Any CPU.ActiveCfg = Release|Any CPU
		{BB1CEF23-1E39-40AD-BA8E-C206947709AA}.Release|Any CPU.Build.0 = Release|Any CPU
		{C702DE57-CAA5-48E6-A3F1-E3FC12D68ADD}.Debug|Any CPU.ActiveCfg = Debug|Any CPU
		{C702DE57-CAA5-48E6-A3F1-E3FC12D68ADD}.Debug|Any CPU.Build.0 = Debug|Any CPU
		{C702DE57-CAA5-48E6-A3F1-E3FC12D68ADD}.Release|Any CPU.ActiveCfg = Release|Any CPU
		{C702DE57-CAA5-48E6-A3F1-E3FC12D68ADD}.Release|Any CPU.Build.0 = Release|Any CPU
	EndGlobalSection
	GlobalSection(NestedProjects) = preSolution
		{43D9EA5C-983D-4CD2-AF7C-C53A6760D605} = {8C57DA81-98CB-43B4-AF80-32A1A1DCB6B4}
		{B7FB6AF2-32A4-4534-AF05-A8DF690FAF7B} = {8C57DA81-98CB-43B4-AF80-32A1A1DCB6B4}
		{501C8273-3454-4779-A07F-D9C652D3E135} = {8C57DA81-98CB-43B4-AF80-32A1A1DCB6B4}
		{7AB0FDF0-8364-4F87-B004-F7F70B17F4AD} = {8C57DA81-98CB-43B4-AF80-32A1A1DCB6B4}
		{D472D699-7F07-4675-8D70-F55314CE7AF0} = {8C57DA81-98CB-43B4-AF80-32A1A1DCB6B4}
		{0DF0D36E-12A6-4E21-81C5-8ECB17B298E7} = {43D9EA5C-983D-4CD2-AF7C-C53A6760D605}
		{94491F11-4892-4728-9EAC-1E12A0F13C74} = {43D9EA5C-983D-4CD2-AF7C-C53A6760D605}
		{7E9D2778-3772-4BB9-A440-B19AFC8AFD85} = {B7FB6AF2-32A4-4534-AF05-A8DF690FAF7B}
		{AF032E51-491F-45D3-BC8C-478F8FE12496} = {501C8273-3454-4779-A07F-D9C652D3E135}
		{C702DE57-CAA5-48E6-A3F1-E3FC12D68ADD} = {7AB0FDF0-8364-4F87-B004-F7F70B17F4AD}
		{BB1CEF23-1E39-40AD-BA8E-C206947709AA} = {D472D699-7F07-4675-8D70-F55314CE7AF0}
	EndGlobalSection
EndGlobal
